
Microsoft Visual Studio Solution File, Format Version 12.00
# Visual Studio Version 17
VisualStudioVersion = 17.8.34511.84
MinimumVisualStudioVersion = 10.0.40219.1
Project("{FAE04EC0-301F-11D3-BF4B-00C04F79EFBC}") = "dvillavicencioT1", "dvillavicencioT1\dvillavicencioT1.csproj", "{A53971BD-4BE8-42E9-8AF2-A4EC88251888}"
EndProject
Global
	GlobalSection(SolutionConfigurationPlatforms) = preSolution
		Debug|Any CPU = Debug|Any CPU
		Release|Any CPU = Release|Any CPU
	EndGlobalSection
	GlobalSection(ProjectConfigurationPlatforms) = postSolution
		{A53971BD-4BE8-42E9-8AF2-A4EC88251888}.Debug|Any CPU.ActiveCfg = Debug|Any CPU
		{A53971BD-4BE8-42E9-8AF2-A4EC88251888}.Debug|Any CPU.Build.0 = Debug|Any CPU
		{A53971BD-4BE8-42E9-8AF2-A4EC88251888}.Debug|Any CPU.Deploy.0 = Debug|Any CPU
		{A53971BD-4BE8-42E9-8AF2-A4EC88251888}.Release|Any CPU.ActiveCfg = Release|Any CPU
		{A53971BD-4BE8-42E9-8AF2-A4EC88251888}.Release|Any CPU.Build.0 = Release|Any CPU
		{A53971BD-4BE8-42E9-8AF2-A4EC88251888}.Release|Any CPU.Deploy.0 = Release|Any CPU
	EndGlobalSection
	GlobalSection(SolutionProperties) = preSolution
		HideSolutionNode = FALSE
	EndGlobalSection
	GlobalSection(ExtensibilityGlobals) = postSolution
		SolutionGuid = {4DFF76EC-BCDF-4485-A1EC-1C0CD746A4C1}
	EndGlobalSection
EndGlobal
